// !$*UTF8*$!
{
	archiveVersion = 1;
	classes = {
	};
	objectVersion = 50;
	objects = {

/* Begin PBXBuildFile section */
		040CA297253735E60075DB81 /* AddDayNoteViewModel.swift in Sources */ = {isa = PBXBuildFile; fileRef = 040CA296253735E60075DB81 /* AddDayNoteViewModel.swift */; };
		0418B36A2531CBD90060DD1E /* AppServices.swift in Sources */ = {isa = PBXBuildFile; fileRef = 0418B3692531CBD90060DD1E /* AppServices.swift */; };
		0418B36D2531CC7D0060DD1E /* SettingsViewModel.swift in Sources */ = {isa = PBXBuildFile; fileRef = 0418B36C2531CC7D0060DD1E /* SettingsViewModel.swift */; };
		0418B3712531CFAF0060DD1E /* DayInfoView.swift in Sources */ = {isa = PBXBuildFile; fileRef = 0418B3702531CFAF0060DD1E /* DayInfoView.swift */; };
		0418B3742531CFF00060DD1E /* DayInfoHeaderView.swift in Sources */ = {isa = PBXBuildFile; fileRef = 0418B3732531CFF00060DD1E /* DayInfoHeaderView.swift */; };
		0418B3772531D2980060DD1E /* DayInfoContentView.swift in Sources */ = {isa = PBXBuildFile; fileRef = 0418B3762531D2980060DD1E /* DayInfoContentView.swift */; };
		0418B37A2531DB1A0060DD1E /* CoreDataStack.swift in Sources */ = {isa = PBXBuildFile; fileRef = 0418B3792531DB1A0060DD1E /* CoreDataStack.swift */; };
		0418B37E2531DC9A0060DD1E /* Day+CoreDataClass.swift in Sources */ = {isa = PBXBuildFile; fileRef = 0418B37C2531DC9A0060DD1E /* Day+CoreDataClass.swift */; };
		0418B37F2531DC9A0060DD1E /* Day+CoreDataProperties.swift in Sources */ = {isa = PBXBuildFile; fileRef = 0418B37D2531DC9A0060DD1E /* Day+CoreDataProperties.swift */; };
		0422F73C25347C2A000A8E96 /* GoalViewModel.swift in Sources */ = {isa = PBXBuildFile; fileRef = 0422F73B25347C2A000A8E96 /* GoalViewModel.swift */; };
		0422F7402534846B000A8E96 /* AddDayNoteViewController.swift in Sources */ = {isa = PBXBuildFile; fileRef = 0422F73F2534846B000A8E96 /* AddDayNoteViewController.swift */; };
		04CDE26F25309893002A99C0 /* DayCollectionViewCell.swift in Sources */ = {isa = PBXBuildFile; fileRef = 04CDE26E25309893002A99C0 /* DayCollectionViewCell.swift */; };
		04CDE272253098F1002A99C0 /* Reusable.swift in Sources */ = {isa = PBXBuildFile; fileRef = 04CDE271253098F1002A99C0 /* Reusable.swift */; };
		04CDE27A25309F7D002A99C0 /* DayCellModel.swift in Sources */ = {isa = PBXBuildFile; fileRef = 04CDE27925309F7D002A99C0 /* DayCellModel.swift */; };
		04CDE27E2530A530002A99C0 /* BottomBorderedView.swift in Sources */ = {isa = PBXBuildFile; fileRef = 04CDE27D2530A530002A99C0 /* BottomBorderedView.swift */; };
		04CDE2832530AD69002A99C0 /* SettingsViewController.swift in Sources */ = {isa = PBXBuildFile; fileRef = 04CDE2822530AD69002A99C0 /* SettingsViewController.swift */; };
		04CDE2872530B08D002A99C0 /* SettingsViewController+TableViewForm.swift in Sources */ = {isa = PBXBuildFile; fileRef = 04CDE2862530B08D002A99C0 /* SettingsViewController+TableViewForm.swift */; };
		04CDE28E2530B49D002A99C0 /* SwitchFormCell.swift in Sources */ = {isa = PBXBuildFile; fileRef = 04CDE28D2530B49D002A99C0 /* SwitchFormCell.swift */; };
		04CDE2912530B525002A99C0 /* CircleSwitchButton.swift in Sources */ = {isa = PBXBuildFile; fileRef = 04CDE2902530B525002A99C0 /* CircleSwitchButton.swift */; };
		04DAC0A12530912D0069684C /* GoalViewController.swift in Sources */ = {isa = PBXBuildFile; fileRef = 04DAC0A02530912D0069684C /* GoalViewController.swift */; };
		04DAC0A4253092EF0069684C /* UIColor+customColors.swift in Sources */ = {isa = PBXBuildFile; fileRef = 04DAC0A3253092EF0069684C /* UIColor+customColors.swift */; };
		04DAC0A72530942D0069684C /* UIView+constraints.swift in Sources */ = {isa = PBXBuildFile; fileRef = 04DAC0A62530942D0069684C /* UIView+constraints.swift */; };
		04DAC0AE253096270069684C /* UIFont+Avenir.swift in Sources */ = {isa = PBXBuildFile; fileRef = 04DAC0AD253096270069684C /* UIFont+Avenir.swift */; };
		04DAC0B1253097CD0069684C /* DaySelectorView.swift in Sources */ = {isa = PBXBuildFile; fileRef = 04DAC0B0253097CD0069684C /* DaySelectorView.swift */; };
		04DCFD772530909E00DF091B /* AppDelegate.swift in Sources */ = {isa = PBXBuildFile; fileRef = 04DCFD762530909E00DF091B /* AppDelegate.swift */; };
		04DCFD792530909E00DF091B /* SceneDelegate.swift in Sources */ = {isa = PBXBuildFile; fileRef = 04DCFD782530909E00DF091B /* SceneDelegate.swift */; };
		04DCFD812530909E00DF091B /* GoalApp.xcdatamodeld in Sources */ = {isa = PBXBuildFile; fileRef = 04DCFD7F2530909E00DF091B /* GoalApp.xcdatamodeld */; };
		04DCFD83253090A200DF091B /* Assets.xcassets in Resources */ = {isa = PBXBuildFile; fileRef = 04DCFD82253090A200DF091B /* Assets.xcassets */; };
		04DCFD86253090A200DF091B /* LaunchScreen.storyboard in Resources */ = {isa = PBXBuildFile; fileRef = 04DCFD84253090A200DF091B /* LaunchScreen.storyboard */; };
		04E07DF12531BC4900D69FA0 /* SubmitButtonTableViewCell.swift in Sources */ = {isa = PBXBuildFile; fileRef = 04E07DF02531BC4900D69FA0 /* SubmitButtonTableViewCell.swift */; };
		04E07DF42531BE5700D69FA0 /* UserSettings.swift in Sources */ = {isa = PBXBuildFile; fileRef = 04E07DF32531BE5700D69FA0 /* UserSettings.swift */; };
		04F0024E2535FE1A004BEA1A /* Date+dayDifference.swift in Sources */ = {isa = PBXBuildFile; fileRef = 04F0024D2535FE1A004BEA1A /* Date+dayDifference.swift */; };
		04FFAEAB2531B02C00DCBB56 /* TextViewTableViewCell.swift in Sources */ = {isa = PBXBuildFile; fileRef = 04FFAEAA2531B02C00DCBB56 /* TextViewTableViewCell.swift */; };
		04FFAEAE2531B23E00DCBB56 /* UIViewController+hideKeyboardOnTap.swift in Sources */ = {isa = PBXBuildFile; fileRef = 04FFAEAD2531B23E00DCBB56 /* UIViewController+hideKeyboardOnTap.swift */; };
		04FFAEB12531B40F00DCBB56 /* DateTableViewCell.swift in Sources */ = {isa = PBXBuildFile; fileRef = 04FFAEB02531B40F00DCBB56 /* DateTableViewCell.swift */; };
		04FFAEB52531B5E000DCBB56 /* DateFormatter+dateFormats.swift in Sources */ = {isa = PBXBuildFile; fileRef = 04FFAEB42531B5E000DCBB56 /* DateFormatter+dateFormats.swift */; };
		04FFAEB82531B6FF00DCBB56 /* BigDatePickerView.swift in Sources */ = {isa = PBXBuildFile; fileRef = 04FFAEB72531B6FF00DCBB56 /* BigDatePickerView.swift */; };
		04FFAEBB2531B70900DCBB56 /* DatePickerLauncher.swift in Sources */ = {isa = PBXBuildFile; fileRef = 04FFAEBA2531B70900DCBB56 /* DatePickerLauncher.swift */; };
/* End PBXBuildFile section */

/* Begin PBXFileReference section */
		040CA296253735E60075DB81 /* AddDayNoteViewModel.swift */ = {isa = PBXFileReference; lastKnownFileType = sourcecode.swift; path = AddDayNoteViewModel.swift; sourceTree = "<group>"; };
		0418B3692531CBD90060DD1E /* AppServices.swift */ = {isa = PBXFileReference; lastKnownFileType = sourcecode.swift; path = AppServices.swift; sourceTree = "<group>"; };
		0418B36C2531CC7D0060DD1E /* SettingsViewModel.swift */ = {isa = PBXFileReference; lastKnownFileType = sourcecode.swift; path = SettingsViewModel.swift; sourceTree = "<group>"; };
		0418B3702531CFAF0060DD1E /* DayInfoView.swift */ = {isa = PBXFileReference; lastKnownFileType = sourcecode.swift; path = DayInfoView.swift; sourceTree = "<group>"; };
		0418B3732531CFF00060DD1E /* DayInfoHeaderView.swift */ = {isa = PBXFileReference; lastKnownFileType = sourcecode.swift; path = DayInfoHeaderView.swift; sourceTree = "<group>"; };
		0418B3762531D2980060DD1E /* DayInfoContentView.swift */ = {isa = PBXFileReference; lastKnownFileType = sourcecode.swift; path = DayInfoContentView.swift; sourceTree = "<group>"; };
		0418B3792531DB1A0060DD1E /* CoreDataStack.swift */ = {isa = PBXFileReference; lastKnownFileType = sourcecode.swift; path = CoreDataStack.swift; sourceTree = "<group>"; };
		0418B37C2531DC9A0060DD1E /* Day+CoreDataClass.swift */ = {isa = PBXFileReference; lastKnownFileType = sourcecode.swift; path = "Day+CoreDataClass.swift"; sourceTree = "<group>"; };
		0418B37D2531DC9A0060DD1E /* Day+CoreDataProperties.swift */ = {isa = PBXFileReference; lastKnownFileType = sourcecode.swift; path = "Day+CoreDataProperties.swift"; sourceTree = "<group>"; };
		0422F73B25347C2A000A8E96 /* GoalViewModel.swift */ = {isa = PBXFileReference; lastKnownFileType = sourcecode.swift; path = GoalViewModel.swift; sourceTree = "<group>"; };
		0422F73F2534846B000A8E96 /* AddDayNoteViewController.swift */ = {isa = PBXFileReference; lastKnownFileType = sourcecode.swift; path = AddDayNoteViewController.swift; sourceTree = "<group>"; };
		04CDE26E25309893002A99C0 /* DayCollectionViewCell.swift */ = {isa = PBXFileReference; lastKnownFileType = sourcecode.swift; path = DayCollectionViewCell.swift; sourceTree = "<group>"; };
		04CDE271253098F1002A99C0 /* Reusable.swift */ = {isa = PBXFileReference; lastKnownFileType = sourcecode.swift; path = Reusable.swift; sourceTree = "<group>"; };
		04CDE27925309F7D002A99C0 /* DayCellModel.swift */ = {isa = PBXFileReference; lastKnownFileType = sourcecode.swift; path = DayCellModel.swift; sourceTree = "<group>"; };
		04CDE27D2530A530002A99C0 /* BottomBorderedView.swift */ = {isa = PBXFileReference; lastKnownFileType = sourcecode.swift; path = BottomBorderedView.swift; sourceTree = "<group>"; };
		04CDE2822530AD69002A99C0 /* SettingsViewController.swift */ = {isa = PBXFileReference; lastKnownFileType = sourcecode.swift; path = SettingsViewController.swift; sourceTree = "<group>"; };
		04CDE2862530B08D002A99C0 /* SettingsViewController+TableViewForm.swift */ = {isa = PBXFileReference; lastKnownFileType = sourcecode.swift; path = "SettingsViewController+TableViewForm.swift"; sourceTree = "<group>"; };
		04CDE28D2530B49D002A99C0 /* SwitchFormCell.swift */ = {isa = PBXFileReference; lastKnownFileType = sourcecode.swift; path = SwitchFormCell.swift; sourceTree = "<group>"; };
		04CDE2902530B525002A99C0 /* CircleSwitchButton.swift */ = {isa = PBXFileReference; lastKnownFileType = sourcecode.swift; path = CircleSwitchButton.swift; sourceTree = "<group>"; };
		04DAC0A02530912D0069684C /* GoalViewController.swift */ = {isa = PBXFileReference; lastKnownFileType = sourcecode.swift; path = GoalViewController.swift; sourceTree = "<group>"; };
		04DAC0A3253092EF0069684C /* UIColor+customColors.swift */ = {isa = PBXFileReference; lastKnownFileType = sourcecode.swift; path = "UIColor+customColors.swift"; sourceTree = "<group>"; };
		04DAC0A62530942D0069684C /* UIView+constraints.swift */ = {isa = PBXFileReference; lastKnownFileType = sourcecode.swift; path = "UIView+constraints.swift"; sourceTree = "<group>"; };
		04DAC0AD253096270069684C /* UIFont+Avenir.swift */ = {isa = PBXFileReference; lastKnownFileType = sourcecode.swift; path = "UIFont+Avenir.swift"; sourceTree = "<group>"; };
		04DAC0B0253097CD0069684C /* DaySelectorView.swift */ = {isa = PBXFileReference; lastKnownFileType = sourcecode.swift; path = DaySelectorView.swift; sourceTree = "<group>"; };
		04DCFD732530909E00DF091B /* GoalApp.app */ = {isa = PBXFileReference; explicitFileType = wrapper.application; includeInIndex = 0; path = GoalApp.app; sourceTree = BUILT_PRODUCTS_DIR; };
		04DCFD762530909E00DF091B /* AppDelegate.swift */ = {isa = PBXFileReference; lastKnownFileType = sourcecode.swift; path = AppDelegate.swift; sourceTree = "<group>"; };
		04DCFD782530909E00DF091B /* SceneDelegate.swift */ = {isa = PBXFileReference; lastKnownFileType = sourcecode.swift; path = SceneDelegate.swift; sourceTree = "<group>"; };
		04DCFD802530909E00DF091B /* GoalApp.xcdatamodel */ = {isa = PBXFileReference; lastKnownFileType = wrapper.xcdatamodel; path = GoalApp.xcdatamodel; sourceTree = "<group>"; };
		04DCFD82253090A200DF091B /* Assets.xcassets */ = {isa = PBXFileReference; lastKnownFileType = folder.assetcatalog; path = Assets.xcassets; sourceTree = "<group>"; };
		04DCFD85253090A200DF091B /* Base */ = {isa = PBXFileReference; lastKnownFileType = file.storyboard; name = Base; path = Base.lproj/LaunchScreen.storyboard; sourceTree = "<group>"; };
		04DCFD87253090A200DF091B /* Info.plist */ = {isa = PBXFileReference; lastKnownFileType = text.plist.xml; path = Info.plist; sourceTree = "<group>"; };
		04E07DF02531BC4900D69FA0 /* SubmitButtonTableViewCell.swift */ = {isa = PBXFileReference; lastKnownFileType = sourcecode.swift; path = SubmitButtonTableViewCell.swift; sourceTree = "<group>"; };
		04E07DF32531BE5700D69FA0 /* UserSettings.swift */ = {isa = PBXFileReference; lastKnownFileType = sourcecode.swift; path = UserSettings.swift; sourceTree = "<group>"; };
		04F0024D2535FE1A004BEA1A /* Date+dayDifference.swift */ = {isa = PBXFileReference; lastKnownFileType = sourcecode.swift; path = "Date+dayDifference.swift"; sourceTree = "<group>"; };
		04FFAEAA2531B02C00DCBB56 /* TextViewTableViewCell.swift */ = {isa = PBXFileReference; lastKnownFileType = sourcecode.swift; path = TextViewTableViewCell.swift; sourceTree = "<group>"; };
		04FFAEAD2531B23E00DCBB56 /* UIViewController+hideKeyboardOnTap.swift */ = {isa = PBXFileReference; lastKnownFileType = sourcecode.swift; path = "UIViewController+hideKeyboardOnTap.swift"; sourceTree = "<group>"; };
		04FFAEB02531B40F00DCBB56 /* DateTableViewCell.swift */ = {isa = PBXFileReference; lastKnownFileType = sourcecode.swift; path = DateTableViewCell.swift; sourceTree = "<group>"; };
		04FFAEB42531B5E000DCBB56 /* DateFormatter+dateFormats.swift */ = {isa = PBXFileReference; lastKnownFileType = sourcecode.swift; path = "DateFormatter+dateFormats.swift"; sourceTree = "<group>"; };
		04FFAEB72531B6FF00DCBB56 /* BigDatePickerView.swift */ = {isa = PBXFileReference; fileEncoding = 4; lastKnownFileType = sourcecode.swift; path = BigDatePickerView.swift; sourceTree = "<group>"; };
		04FFAEBA2531B70900DCBB56 /* DatePickerLauncher.swift */ = {isa = PBXFileReference; fileEncoding = 4; lastKnownFileType = sourcecode.swift; path = DatePickerLauncher.swift; sourceTree = "<group>"; };
/* End PBXFileReference section */

/* Begin PBXFrameworksBuildPhase section */
		04DCFD702530909E00DF091B /* Frameworks */ = {
			isa = PBXFrameworksBuildPhase;
			buildActionMask = 2147483647;
			files = (
			);
			runOnlyForDeploymentPostprocessing = 0;
		};
/* End PBXFrameworksBuildPhase section */

/* Begin PBXGroup section */
		0418B36F2531CF960060DD1E /* DayInfoView */ = {
			isa = PBXGroup;
			children = (
				0418B3702531CFAF0060DD1E /* DayInfoView.swift */,
				0418B3732531CFF00060DD1E /* DayInfoHeaderView.swift */,
				0418B3762531D2980060DD1E /* DayInfoContentView.swift */,
			);
			path = DayInfoView;
			sourceTree = "<group>";
		};
		0422F73E2534845B000A8E96 /* AddDayNote */ = {
			isa = PBXGroup;
			children = (
				0422F73F2534846B000A8E96 /* AddDayNoteViewController.swift */,
				040CA296253735E60075DB81 /* AddDayNoteViewModel.swift */,
			);
			path = AddDayNote;
			sourceTree = "<group>";
		};
		04CDE27425309F20002A99C0 /* Models */ = {
			isa = PBXGroup;
			children = (
			);
			path = Models;
			sourceTree = "<group>";
		};
		04CDE2812530AAC3002A99C0 /* Settings */ = {
			isa = PBXGroup;
			children = (
				04CDE2822530AD69002A99C0 /* SettingsViewController.swift */,
				04CDE2862530B08D002A99C0 /* SettingsViewController+TableViewForm.swift */,
				0418B36C2531CC7D0060DD1E /* SettingsViewModel.swift */,
			);
			path = Settings;
			sourceTree = "<group>";
		};
		04CDE28C2530B486002A99C0 /* SettingsFromCells */ = {
			isa = PBXGroup;
			children = (
				04CDE28D2530B49D002A99C0 /* SwitchFormCell.swift */,
				04FFAEAA2531B02C00DCBB56 /* TextViewTableViewCell.swift */,
				04FFAEB02531B40F00DCBB56 /* DateTableViewCell.swift */,
				04E07DF02531BC4900D69FA0 /* SubmitButtonTableViewCell.swift */,
			);
			path = SettingsFromCells;
			sourceTree = "<group>";
		};
		04DAC09F253091210069684C /* Goal */ = {
			isa = PBXGroup;
			children = (
				04DAC0A02530912D0069684C /* GoalViewController.swift */,
				0422F73B25347C2A000A8E96 /* GoalViewModel.swift */,
			);
			path = Goal;
			sourceTree = "<group>";
		};
		04DAC0B32530982E0069684C /* DaySelectorView */ = {
			isa = PBXGroup;
			children = (
				04DAC0B0253097CD0069684C /* DaySelectorView.swift */,
				04CDE26E25309893002A99C0 /* DayCollectionViewCell.swift */,
				04CDE27925309F7D002A99C0 /* DayCellModel.swift */,
			);
			path = DaySelectorView;
			sourceTree = "<group>";
		};
		04DCFD6A2530909E00DF091B = {
			isa = PBXGroup;
			children = (
				04DCFD752530909E00DF091B /* GoalApp */,
				04DCFD742530909E00DF091B /* Products */,
			);
			sourceTree = "<group>";
		};
		04DCFD742530909E00DF091B /* Products */ = {
			isa = PBXGroup;
			children = (
				04DCFD732530909E00DF091B /* GoalApp.app */,
			);
			name = Products;
			sourceTree = "<group>";
		};
		04DCFD752530909E00DF091B /* GoalApp */ = {
			isa = PBXGroup;
			children = (
				04CDE27425309F20002A99C0 /* Models */,
				04DCFD96253090D800DF091B /* Extensions */,
				04DCFD95253090D400DF091B /* Views */,
				04DCFD94253090CF00DF091B /* Utils */,
				04DCFD93253090CA00DF091B /* Entities */,
				04DCFD92253090C200DF091B /* Core Data Model */,
				04DCFD91253090BB00DF091B /* Supporting Files */,
				04DCFD90253090B700DF091B /* Services */,
				04DCFD8F253090B100DF091B /* Screens */,
				04DCFD8D253090A900DF091B /* Resources */,
				04DCFD84253090A200DF091B /* LaunchScreen.storyboard */,
				04DCFD87253090A200DF091B /* Info.plist */,
			);
			path = GoalApp;
			sourceTree = "<group>";
		};
		04DCFD8D253090A900DF091B /* Resources */ = {
			isa = PBXGroup;
			children = (
				04DCFD82253090A200DF091B /* Assets.xcassets */,
			);
			path = Resources;
			sourceTree = "<group>";
		};
		04DCFD8F253090B100DF091B /* Screens */ = {
			isa = PBXGroup;
			children = (
				0422F73E2534845B000A8E96 /* AddDayNote */,
				04CDE2812530AAC3002A99C0 /* Settings */,
				04DAC09F253091210069684C /* Goal */,
			);
			path = Screens;
			sourceTree = "<group>";
		};
		04DCFD90253090B700DF091B /* Services */ = {
			isa = PBXGroup;
			children = (
				04E07DF32531BE5700D69FA0 /* UserSettings.swift */,
				0418B3692531CBD90060DD1E /* AppServices.swift */,
				0418B3792531DB1A0060DD1E /* CoreDataStack.swift */,
			);
			path = Services;
			sourceTree = "<group>";
		};
		04DCFD91253090BB00DF091B /* Supporting Files */ = {
			isa = PBXGroup;
			children = (
				04DCFD762530909E00DF091B /* AppDelegate.swift */,
				04DCFD782530909E00DF091B /* SceneDelegate.swift */,
			);
			path = "Supporting Files";
			sourceTree = "<group>";
		};
		04DCFD92253090C200DF091B /* Core Data Model */ = {
			isa = PBXGroup;
			children = (
				04DCFD7F2530909E00DF091B /* GoalApp.xcdatamodeld */,
			);
			path = "Core Data Model";
			sourceTree = "<group>";
		};
		04DCFD93253090CA00DF091B /* Entities */ = {
			isa = PBXGroup;
			children = (
				0418B37C2531DC9A0060DD1E /* Day+CoreDataClass.swift */,
				0418B37D2531DC9A0060DD1E /* Day+CoreDataProperties.swift */,
			);
			path = Entities;
			sourceTree = "<group>";
		};
		04DCFD94253090CF00DF091B /* Utils */ = {
			isa = PBXGroup;
			children = (
				04FFAEBA2531B70900DCBB56 /* DatePickerLauncher.swift */,
			);
			path = Utils;
			sourceTree = "<group>";
		};
		04DCFD95253090D400DF091B /* Views */ = {
			isa = PBXGroup;
			children = (
				0418B36F2531CF960060DD1E /* DayInfoView */,
				04FFAEB72531B6FF00DCBB56 /* BigDatePickerView.swift */,
				04CDE28C2530B486002A99C0 /* SettingsFromCells */,
				04DAC0B32530982E0069684C /* DaySelectorView */,
				04CDE27D2530A530002A99C0 /* BottomBorderedView.swift */,
				04CDE2902530B525002A99C0 /* CircleSwitchButton.swift */,
			);
			path = Views;
			sourceTree = "<group>";
		};
		04DCFD96253090D800DF091B /* Extensions */ = {
			isa = PBXGroup;
			children = (
				04DAC0A3253092EF0069684C /* UIColor+customColors.swift */,
				04DAC0A62530942D0069684C /* UIView+constraints.swift */,
				04DAC0AD253096270069684C /* UIFont+Avenir.swift */,
				04CDE271253098F1002A99C0 /* Reusable.swift */,
				04FFAEAD2531B23E00DCBB56 /* UIViewController+hideKeyboardOnTap.swift */,
				04FFAEB42531B5E000DCBB56 /* DateFormatter+dateFormats.swift */,
				04F0024D2535FE1A004BEA1A /* Date+dayDifference.swift */,
			);
			path = Extensions;
			sourceTree = "<group>";
		};
/* End PBXGroup section */

/* Begin PBXNativeTarget section */
		04DCFD722530909E00DF091B /* GoalApp */ = {
			isa = PBXNativeTarget;
			buildConfigurationList = 04DCFD8A253090A200DF091B /* Build configuration list for PBXNativeTarget "GoalApp" */;
			buildPhases = (
				04DCFD6F2530909E00DF091B /* Sources */,
				04DCFD702530909E00DF091B /* Frameworks */,
				04DCFD712530909E00DF091B /* Resources */,
			);
			buildRules = (
			);
			dependencies = (
			);
			name = GoalApp;
			productName = GoalApp;
			productReference = 04DCFD732530909E00DF091B /* GoalApp.app */;
			productType = "com.apple.product-type.application";
		};
/* End PBXNativeTarget section */

/* Begin PBXProject section */
		04DCFD6B2530909E00DF091B /* Project object */ = {
			isa = PBXProject;
			attributes = {
				LastSwiftUpdateCheck = 1200;
				LastUpgradeCheck = 1200;
				TargetAttributes = {
					04DCFD722530909E00DF091B = {
						CreatedOnToolsVersion = 12.0.1;
					};
				};
			};
			buildConfigurationList = 04DCFD6E2530909E00DF091B /* Build configuration list for PBXProject "GoalApp" */;
			compatibilityVersion = "Xcode 9.3";
			developmentRegion = en;
			hasScannedForEncodings = 0;
			knownRegions = (
				en,
				Base,
			);
			mainGroup = 04DCFD6A2530909E00DF091B;
			productRefGroup = 04DCFD742530909E00DF091B /* Products */;
			projectDirPath = "";
			projectRoot = "";
			targets = (
				04DCFD722530909E00DF091B /* GoalApp */,
			);
		};
/* End PBXProject section */

/* Begin PBXResourcesBuildPhase section */
		04DCFD712530909E00DF091B /* Resources */ = {
			isa = PBXResourcesBuildPhase;
			buildActionMask = 2147483647;
			files = (
				04DCFD86253090A200DF091B /* LaunchScreen.storyboard in Resources */,
				04DCFD83253090A200DF091B /* Assets.xcassets in Resources */,
			);
			runOnlyForDeploymentPostprocessing = 0;
		};
/* End PBXResourcesBuildPhase section */

/* Begin PBXSourcesBuildPhase section */
		04DCFD6F2530909E00DF091B /* Sources */ = {
			isa = PBXSourcesBuildPhase;
			buildActionMask = 2147483647;
			files = (
				0418B37E2531DC9A0060DD1E /* Day+CoreDataClass.swift in Sources */,
				04DCFD812530909E00DF091B /* GoalApp.xcdatamodeld in Sources */,
				04FFAEB52531B5E000DCBB56 /* DateFormatter+dateFormats.swift in Sources */,
				04CDE2872530B08D002A99C0 /* SettingsViewController+TableViewForm.swift in Sources */,
				04CDE26F25309893002A99C0 /* DayCollectionViewCell.swift in Sources */,
				0418B3742531CFF00060DD1E /* DayInfoHeaderView.swift in Sources */,
				04CDE2912530B525002A99C0 /* CircleSwitchButton.swift in Sources */,
				04FFAEAE2531B23E00DCBB56 /* UIViewController+hideKeyboardOnTap.swift in Sources */,
				04DAC0AE253096270069684C /* UIFont+Avenir.swift in Sources */,
				0422F7402534846B000A8E96 /* AddDayNoteViewController.swift in Sources */,
				04FFAEBB2531B70900DCBB56 /* DatePickerLauncher.swift in Sources */,
				04DAC0B1253097CD0069684C /* DaySelectorView.swift in Sources */,
				04CDE272253098F1002A99C0 /* Reusable.swift in Sources */,
				04CDE27A25309F7D002A99C0 /* DayCellModel.swift in Sources */,
				04F0024E2535FE1A004BEA1A /* Date+dayDifference.swift in Sources */,
				04FFAEB82531B6FF00DCBB56 /* BigDatePickerView.swift in Sources */,
				0422F73C25347C2A000A8E96 /* GoalViewModel.swift in Sources */,
				04DAC0A72530942D0069684C /* UIView+constraints.swift in Sources */,
				04E07DF42531BE5700D69FA0 /* UserSettings.swift in Sources */,
				0418B37F2531DC9A0060DD1E /* Day+CoreDataProperties.swift in Sources */,
				0418B37A2531DB1A0060DD1E /* CoreDataStack.swift in Sources */,
				04DAC0A12530912D0069684C /* GoalViewController.swift in Sources */,
				04DCFD772530909E00DF091B /* AppDelegate.swift in Sources */,
				04E07DF12531BC4900D69FA0 /* SubmitButtonTableViewCell.swift in Sources */,
				0418B36A2531CBD90060DD1E /* AppServices.swift in Sources */,
				0418B3712531CFAF0060DD1E /* DayInfoView.swift in Sources */,
				04DAC0A4253092EF0069684C /* UIColor+customColors.swift in Sources */,
				04CDE28E2530B49D002A99C0 /* SwitchFormCell.swift in Sources */,
				04CDE2832530AD69002A99C0 /* SettingsViewController.swift in Sources */,
				0418B3772531D2980060DD1E /* DayInfoContentView.swift in Sources */,
				0418B36D2531CC7D0060DD1E /* SettingsViewModel.swift in Sources */,
				04CDE27E2530A530002A99C0 /* BottomBorderedView.swift in Sources */,
				04DCFD792530909E00DF091B /* SceneDelegate.swift in Sources */,
				040CA297253735E60075DB81 /* AddDayNoteViewModel.swift in Sources */,
				04FFAEAB2531B02C00DCBB56 /* TextViewTableViewCell.swift in Sources */,
				04FFAEB12531B40F00DCBB56 /* DateTableViewCell.swift in Sources */,
			);
			runOnlyForDeploymentPostprocessing = 0;
		};
/* End PBXSourcesBuildPhase section */

/* Begin PBXVariantGroup section */
		04DCFD84253090A200DF091B /* LaunchScreen.storyboard */ = {
			isa = PBXVariantGroup;
			children = (
				04DCFD85253090A200DF091B /* Base */,
			);
			name = LaunchScreen.storyboard;
			sourceTree = "<group>";
		};
/* End PBXVariantGroup section */

/* Begin XCBuildConfiguration section */
		04DCFD88253090A200DF091B /* Debug */ = {
			isa = XCBuildConfiguration;
			buildSettings = {
				ALWAYS_SEARCH_USER_PATHS = NO;
				CLANG_ANALYZER_NONNULL = YES;
				CLANG_ANALYZER_NUMBER_OBJECT_CONVERSION = YES_AGGRESSIVE;
				CLANG_CXX_LANGUAGE_STANDARD = "gnu++14";
				CLANG_CXX_LIBRARY = "libc++";
				CLANG_ENABLE_MODULES = YES;
				CLANG_ENABLE_OBJC_ARC = YES;
				CLANG_ENABLE_OBJC_WEAK = YES;
				CLANG_WARN_BLOCK_CAPTURE_AUTORELEASING = YES;
				CLANG_WARN_BOOL_CONVERSION = YES;
				CLANG_WARN_COMMA = YES;
				CLANG_WARN_CONSTANT_CONVERSION = YES;
				CLANG_WARN_DEPRECATED_OBJC_IMPLEMENTATIONS = YES;
				CLANG_WARN_DIRECT_OBJC_ISA_USAGE = YES_ERROR;
				CLANG_WARN_DOCUMENTATION_COMMENTS = YES;
				CLANG_WARN_EMPTY_BODY = YES;
				CLANG_WARN_ENUM_CONVERSION = YES;
				CLANG_WARN_INFINITE_RECURSION = YES;
				CLANG_WARN_INT_CONVERSION = YES;
				CLANG_WARN_NON_LITERAL_NULL_CONVERSION = YES;
				CLANG_WARN_OBJC_IMPLICIT_RETAIN_SELF = YES;
				CLANG_WARN_OBJC_LITERAL_CONVERSION = YES;
				CLANG_WARN_OBJC_ROOT_CLASS = YES_ERROR;
				CLANG_WARN_QUOTED_INCLUDE_IN_FRAMEWORK_HEADER = YES;
				CLANG_WARN_RANGE_LOOP_ANALYSIS = YES;
				CLANG_WARN_STRICT_PROTOTYPES = YES;
				CLANG_WARN_SUSPICIOUS_MOVE = YES;
				CLANG_WARN_UNGUARDED_AVAILABILITY = YES_AGGRESSIVE;
				CLANG_WARN_UNREACHABLE_CODE = YES;
				CLANG_WARN__DUPLICATE_METHOD_MATCH = YES;
				COPY_PHASE_STRIP = NO;
				DEBUG_INFORMATION_FORMAT = dwarf;
				ENABLE_STRICT_OBJC_MSGSEND = YES;
				ENABLE_TESTABILITY = YES;
				GCC_C_LANGUAGE_STANDARD = gnu11;
				GCC_DYNAMIC_NO_PIC = NO;
				GCC_NO_COMMON_BLOCKS = YES;
				GCC_OPTIMIZATION_LEVEL = 0;
				GCC_PREPROCESSOR_DEFINITIONS = (
					"DEBUG=1",
					"$(inherited)",
				);
				GCC_WARN_64_TO_32_BIT_CONVERSION = YES;
				GCC_WARN_ABOUT_RETURN_TYPE = YES_ERROR;
				GCC_WARN_UNDECLARED_SELECTOR = YES;
				GCC_WARN_UNINITIALIZED_AUTOS = YES_AGGRESSIVE;
				GCC_WARN_UNUSED_FUNCTION = YES;
				GCC_WARN_UNUSED_VARIABLE = YES;
				IPHONEOS_DEPLOYMENT_TARGET = 14.0;
				MTL_ENABLE_DEBUG_INFO = INCLUDE_SOURCE;
				MTL_FAST_MATH = YES;
				ONLY_ACTIVE_ARCH = YES;
				SDKROOT = iphoneos;
				SWIFT_ACTIVE_COMPILATION_CONDITIONS = DEBUG;
				SWIFT_OPTIMIZATION_LEVEL = "-Onone";
			};
			name = Debug;
		};
		04DCFD89253090A200DF091B /* Release */ = {
			isa = XCBuildConfiguration;
			buildSettings = {
				ALWAYS_SEARCH_USER_PATHS = NO;
				CLANG_ANALYZER_NONNULL = YES;
				CLANG_ANALYZER_NUMBER_OBJECT_CONVERSION = YES_AGGRESSIVE;
				CLANG_CXX_LANGUAGE_STANDARD = "gnu++14";
				CLANG_CXX_LIBRARY = "libc++";
				CLANG_ENABLE_MODULES = YES;
				CLANG_ENABLE_OBJC_ARC = YES;
				CLANG_ENABLE_OBJC_WEAK = YES;
				CLANG_WARN_BLOCK_CAPTURE_AUTORELEASING = YES;
				CLANG_WARN_BOOL_CONVERSION = YES;
				CLANG_WARN_COMMA = YES;
				CLANG_WARN_CONSTANT_CONVERSION = YES;
				CLANG_WARN_DEPRECATED_OBJC_IMPLEMENTATIONS = YES;
				CLANG_WARN_DIRECT_OBJC_ISA_USAGE = YES_ERROR;
				CLANG_WARN_DOCUMENTATION_COMMENTS = YES;
				CLANG_WARN_EMPTY_BODY = YES;
				CLANG_WARN_ENUM_CONVERSION = YES;
				CLANG_WARN_INFINITE_RECURSION = YES;
				CLANG_WARN_INT_CONVERSION = YES;
				CLANG_WARN_NON_LITERAL_NULL_CONVERSION = YES;
				CLANG_WARN_OBJC_IMPLICIT_RETAIN_SELF = YES;
				CLANG_WARN_OBJC_LITERAL_CONVERSION = YES;
				CLANG_WARN_OBJC_ROOT_CLASS = YES_ERROR;
				CLANG_WARN_QUOTED_INCLUDE_IN_FRAMEWORK_HEADER = YES;
				CLANG_WARN_RANGE_LOOP_ANALYSIS = YES;
				CLANG_WARN_STRICT_PROTOTYPES = YES;
				CLANG_WARN_SUSPICIOUS_MOVE = YES;
				CLANG_WARN_UNGUARDED_AVAILABILITY = YES_AGGRESSIVE;
				CLANG_WARN_UNREACHABLE_CODE = YES;
				CLANG_WARN__DUPLICATE_METHOD_MATCH = YES;
				COPY_PHASE_STRIP = NO;
				DEBUG_INFORMATION_FORMAT = "dwarf-with-dsym";
				ENABLE_NS_ASSERTIONS = NO;
				ENABLE_STRICT_OBJC_MSGSEND = YES;
				GCC_C_LANGUAGE_STANDARD = gnu11;
				GCC_NO_COMMON_BLOCKS = YES;
				GCC_WARN_64_TO_32_BIT_CONVERSION = YES;
				GCC_WARN_ABOUT_RETURN_TYPE = YES_ERROR;
				GCC_WARN_UNDECLARED_SELECTOR = YES;
				GCC_WARN_UNINITIALIZED_AUTOS = YES_AGGRESSIVE;
				GCC_WARN_UNUSED_FUNCTION = YES;
				GCC_WARN_UNUSED_VARIABLE = YES;
				IPHONEOS_DEPLOYMENT_TARGET = 14.0;
				MTL_ENABLE_DEBUG_INFO = NO;
				MTL_FAST_MATH = YES;
				SDKROOT = iphoneos;
				SWIFT_COMPILATION_MODE = wholemodule;
				SWIFT_OPTIMIZATION_LEVEL = "-O";
				VALIDATE_PRODUCT = YES;
			};
			name = Release;
		};
		04DCFD8B253090A200DF091B /* Debug */ = {
			isa = XCBuildConfiguration;
			buildSettings = {
				ASSETCATALOG_COMPILER_APPICON_NAME = AppIcon;
				ASSETCATALOG_COMPILER_GLOBAL_ACCENT_COLOR_NAME = AccentColor;
				CODE_SIGN_STYLE = Automatic;
				DEVELOPMENT_TEAM = 87UZ2F74K7;
				INFOPLIST_FILE = GoalApp/Info.plist;
				LD_RUNPATH_SEARCH_PATHS = (
					"$(inherited)",
					"@executable_path/Frameworks",
				);
				PRODUCT_BUNDLE_IDENTIFIER = com.micantia.GoalApp;
				PRODUCT_NAME = "$(TARGET_NAME)";
				SWIFT_VERSION = 5.0;
				TARGETED_DEVICE_FAMILY = "1,2";
			};
			name = Debug;
		};
		04DCFD8C253090A200DF091B /* Release */ = {
			isa = XCBuildConfiguration;
			buildSettings = {
				ASSETCATALOG_COMPILER_APPICON_NAME = AppIcon;
				ASSETCATALOG_COMPILER_GLOBAL_ACCENT_COLOR_NAME = AccentColor;
				CODE_SIGN_STYLE = Automatic;
				DEVELOPMENT_TEAM = 87UZ2F74K7;
				INFOPLIST_FILE = GoalApp/Info.plist;
				LD_RUNPATH_SEARCH_PATHS = (
					"$(inherited)",
					"@executable_path/Frameworks",
				);
				PRODUCT_BUNDLE_IDENTIFIER = com.micantia.GoalApp;
				PRODUCT_NAME = "$(TARGET_NAME)";
				SWIFT_VERSION = 5.0;
				TARGETED_DEVICE_FAMILY = "1,2";
			};
			name = Release;
		};
/* End XCBuildConfiguration section */

/* Begin XCConfigurationList section */
		04DCFD6E2530909E00DF091B /* Build configuration list for PBXProject "GoalApp" */ = {
			isa = XCConfigurationList;
			buildConfigurations = (
				04DCFD88253090A200DF091B /* Debug */,
				04DCFD89253090A200DF091B /* Release */,
			);
			defaultConfigurationIsVisible = 0;
			defaultConfigurationName = Release;
		};
		04DCFD8A253090A200DF091B /* Build configuration list for PBXNativeTarget "GoalApp" */ = {
			isa = XCConfigurationList;
			buildConfigurations = (
				04DCFD8B253090A200DF091B /* Debug */,
				04DCFD8C253090A200DF091B /* Release */,
			);
			defaultConfigurationIsVisible = 0;
			defaultConfigurationName = Release;
		};
/* End XCConfigurationList section */

/* Begin XCVersionGroup section */
		04DCFD7F2530909E00DF091B /* GoalApp.xcdatamodeld */ = {
			isa = XCVersionGroup;
			children = (
				04DCFD802530909E00DF091B /* GoalApp.xcdatamodel */,
			);
			currentVersion = 04DCFD802530909E00DF091B /* GoalApp.xcdatamodel */;
			path = GoalApp.xcdatamodeld;
			sourceTree = "<group>";
			versionGroupType = wrapper.xcdatamodel;
		};
/* End XCVersionGroup section */
	};
	rootObject = 04DCFD6B2530909E00DF091B /* Project object */;
}
